
Microsoft Visual Studio Solution File, Format Version 12.00
# Visual Studio 15
VisualStudioVersion = 15.0.27428.2011
MinimumVisualStudioVersion = 10.0.40219.1
Project("{9A19103F-16F7-4668-BE54-9A1E7A4F7556}") = "NinetyNineProblems", "NinetyNineProblems\NinetyNineProblems.csproj", "{EA7D5958-563A-444F-BB3C-DFD5F9F8AB24}"
EndProject
Project("{9A19103F-16F7-4668-BE54-9A1E7A4F7556}") = "NinetyNineProblems.Tests", "NinetyNineProblems.Tests\NinetyNineProblems.Tests.csproj", "{F73EBEAB-C21F-4EE6-AFD6-9B541DBB918C}"
EndProject
Global
	GlobalSection(SolutionConfigurationPlatforms) = preSolution
		Debug|Any CPU = Debug|Any CPU
		Release|Any CPU = Release|Any CPU
	EndGlobalSection
	GlobalSection(ProjectConfigurationPlatforms) = postSolution
		{EA7D5958-563A-444F-BB3C-DFD5F9F8AB24}.Debug|Any CPU.ActiveCfg = Debug|Any CPU
		{EA7D5958-563A-444F-BB3C-DFD5F9F8AB24}.Debug|Any CPU.Build.0 = Debug|Any CPU
		{EA7D5958-563A-444F-BB3C-DFD5F9F8AB24}.Release|Any CPU.ActiveCfg = Release|Any CPU
		{EA7D5958-563A-444F-BB3C-DFD5F9F8AB24}.Release|Any CPU.Build.0 = Release|Any CPU
		{F73EBEAB-C21F-4EE6-AFD6-9B541DBB918C}.Debug|Any CPU.ActiveCfg = Debug|Any CPU
		{F73EBEAB-C21F-4EE6-AFD6-9B541DBB918C}.Debug|Any CPU.Build.0 = Debug|Any CPU
		{F73EBEAB-C21F-4EE6-AFD6-9B541DBB918C}.Release|Any CPU.ActiveCfg = Release|Any CPU
		{F73EBEAB-C21F-4EE6-AFD6-9B541DBB918C}.Release|Any CPU.Build.0 = Release|Any CPU
	EndGlobalSection
	GlobalSection(SolutionProperties) = preSolution
		HideSolutionNode = FALSE
	EndGlobalSection
	GlobalSection(ExtensibilityGlobals) = postSolution
		SolutionGuid = {D76983E1-8AF3-40D3-A6BA-85C0957071DB}
	EndGlobalSection
EndGlobal
